Microsoft Visual Studio Solution File, Format Version 12.00
# Visual Studio Version 17
VisualStudioVersion = 17.5.2.0
MinimumVisualStudioVersion = 10.0.40219.1
Project("{FAE04EC0-301F-11D3-BF4B-00C04F79EFBC}") = "teste-aula", "teste-aula.csproj", "{2572271A-1808-2BBB-49D1-8E6DB75DA85F}"
EndProject
Global
	GlobalSection(SolutionConfigurationPlatforms) = preSolution
		Debug|Any CPU = Debug|Any CPU
		Release|Any CPU = Release|Any CPU
	EndGlobalSection
	GlobalSection(ProjectConfigurationPlatforms) = postSolution
		{2572271A-1808-2BBB-49D1-8E6DB75DA85F}.Debug|Any CPU.ActiveCfg = Debug|Any CPU
		{2572271A-1808-2BBB-49D1-8E6DB75DA85F}.Debug|Any CPU.Build.0 = Debug|Any CPU
		{2572271A-1808-2BBB-49D1-8E6DB75DA85F}.Release|Any CPU.ActiveCfg = Release|Any CPU
		{2572271A-1808-2BBB-49D1-8E6DB75DA85F}.Release|Any CPU.Build.0 = Release|Any CPU
	EndGlobalSection
	GlobalSection(SolutionProperties) = preSolution
		HideSolutionNode = FALSE
	EndGlobalSection
	GlobalSection(ExtensibilityGlobals) = postSolution
		SolutionGuid = {1D8B2C37-17BE-4031-BAB5-84A841915A2F}
	EndGlobalSection
EndGlobal
